Microsoft Visual Studio Solution File, Format Version 12.00
# Visual Studio Version 17
VisualStudioVersion = 17.5.2.0
MinimumVisualStudioVersion = 10.0.40219.1
Project("{2150E333-8FDC-42A3-9474-1A3956D46DE8}") = "behavioral", "behavioral", "{26DBFC19-437C-4F90-1A5A-542F2D728CEE}"
EndProject
Project("{2150E333-8FDC-42A3-9474-1A3956D46DE8}") = "creational", "creational", "{56A9F078-40C9-3DDD-7DA3-B5A4BF238A7F}"
EndProject
Project("{2150E333-8FDC-42A3-9474-1A3956D46DE8}") = "mediator", "mediator", "{FE3992F4-CC36-C0D1-5274-12530496DB1F}"
EndProject
Project("{FAE04EC0-301F-11D3-BF4B-00C04F79EFBC}") = "Mediator", "behavioral\mediator\Mediator\Mediator.csproj", "{8E2E14F2-DE52-5871-4FC7-37867F3E51BC}"
EndProject
Project("{FAE04EC0-301F-11D3-BF4B-00C04F79EFBC}") = "Runner", "behavioral\mediator\Runner\Runner.csproj", "{5414A2B1-E5E2-D51D-E008-981C8C585B00}"
EndProject
Project("{2150E333-8FDC-42A3-9474-1A3956D46DE8}") = "command", "command", "{97D8945E-59FA-0188-FC69-6B16FBD6DC40}"
EndProject
Project("{FAE04EC0-301F-11D3-BF4B-00C04F79EFBC}") = "Runner", "behavioral\command\Runner\Runner.csproj", "{7ACDE7EC-2D6D-08DA-9893-F25BADD88BE2}"
EndProject
Project("{FAE04EC0-301F-11D3-BF4B-00C04F79EFBC}") = "Command", "behavioral\command\Command\Command.csproj", "{22271A9E-6EF5-D6BE-4D98-0F8166173DBD}"
EndProject
Project("{2150E333-8FDC-42A3-9474-1A3956D46DE8}") = "chain-of-responsibility", "chain-of-responsibility", "{75FC6A06-423E-5F5D-91F8-8FC1DF020067}"
EndProject
Project("{FAE04EC0-301F-11D3-BF4B-00C04F79EFBC}") = "Runner", "behavioral\chain-of-responsibility\Runner\Runner.csproj", "{0F9A596F-BBF8-1E18-029F-3B1754769695}"
EndProject
Project("{FAE04EC0-301F-11D3-BF4B-00C04F79EFBC}") = "ChainofResponsibility", "behavioral\chain-of-responsibility\ChainofResponsibility\ChainofResponsibility.csproj", "{1C6B9C63-3527-29CA-F53F-CCFBE930E326}"
EndProject
Project("{2150E333-8FDC-42A3-9474-1A3956D46DE8}") = "memento", "memento", "{3EE80B10-1859-2554-168E-C769536AECC8}"
EndProject
Project("{FAE04EC0-301F-11D3-BF4B-00C04F79EFBC}") = "Memento", "behavioral\memento\Memento\Memento.csproj", "{A90B6B64-C8C2-FB65-D40C-D7034B181DCB}"
EndProject
Project("{FAE04EC0-301F-11D3-BF4B-00C04F79EFBC}") = "Runner", "behavioral\memento\Runner\Runner.csproj", "{F72C8382-8A36-6F83-4EE4-A55A341AB0B9}"
EndProject
Project("{2150E333-8FDC-42A3-9474-1A3956D46DE8}") = "factory", "factory", "{90DFF9D6-6064-F8FE-940D-2B723E32BEE9}"
EndProject
Project("{FAE04EC0-301F-11D3-BF4B-00C04F79EFBC}") = "Runner", "creational\factory\Runner\Runner.csproj", "{9DA43BD0-9D6C-42E0-CC92-51F83423BCD1}"
EndProject
Project("{FAE04EC0-301F-11D3-BF4B-00C04F79EFBC}") = "Factory", "creational\factory\Factory\Factory.csproj", "{65E06B93-5162-03CC-368A-10E2B9A281E9}"
EndProject
Project("{2150E333-8FDC-42A3-9474-1A3956D46DE8}") = "abstract", "abstract", "{DF74312A-3BDC-E28F-2F37-A93F30DB515D}"
EndProject
Project("{FAE04EC0-301F-11D3-BF4B-00C04F79EFBC}") = "Abstract", "creational\abstract\Abstract\Abstract.csproj", "{0F68FF83-010D-6CEA-DA76-714F2DAE2B95}"
EndProject
Project("{FAE04EC0-301F-11D3-BF4B-00C04F79EFBC}") = "Runner", "creational\abstract\Runner\Runner.csproj", "{3ECDD4DF-6B4B-0260-E5C0-BC4ED409B98C}"
EndProject
Project("{2150E333-8FDC-42A3-9474-1A3956D46DE8}") = "prototype", "prototype", "{6CB770A1-D217-CF4C-3F8E-F9C495E5E553}"
EndProject
Project("{FAE04EC0-301F-11D3-BF4B-00C04F79EFBC}") = "Runner", "creational\prototype\Runner\Runner.csproj", "{ABD1E448-5ED7-0B5C-729B-799A854C4438}"
EndProject
Project("{FAE04EC0-301F-11D3-BF4B-00C04F79EFBC}") = "Prototype", "creational\prototype\Prototype\Prototype.csproj", "{868FD8DF-5D34-BE79-47FC-1E3188A15CF3}"
EndProject
Project("{2150E333-8FDC-42A3-9474-1A3956D46DE8}") = "singleton", "singleton", "{E9F6E946-CAB0-4393-83A6-2CC00E601546}"
EndProject
Project("{FAE04EC0-301F-11D3-BF4B-00C04F79EFBC}") = "Singleton", "creational\singleton\Singleton\Singleton.csproj", "{35A9E141-32C2-891C-938F-E13EE5C59213}"
EndProject
Project("{FAE04EC0-301F-11D3-BF4B-00C04F79EFBC}") = "Runner", "creational\singleton\Runner\Runner.csproj", "{B7FC9C66-E936-DAF4-7894-FEB07D7E04D5}"
EndProject
Project("{2150E333-8FDC-42A3-9474-1A3956D46DE8}") = "builder", "builder", "{461242BF-A5DA-9E66-FB2B-44259C4D2634}"
EndProject
Project("{FAE04EC0-301F-11D3-BF4B-00C04F79EFBC}") = "Runner", "creational\builder\Runner\Runner.csproj", "{53598C68-33D6-34D8-6337-239F2FB63C38}"
EndProject
Project("{FAE04EC0-301F-11D3-BF4B-00C04F79EFBC}") = "Builder", "creational\builder\Builder\Builder.csproj", "{69B3BE05-3369-9C9A-DBB2-C41D2F8C1C54}"
EndProject
Global
	GlobalSection(SolutionConfigurationPlatforms) = preSolution
		Debug|Any CPU = Debug|Any CPU
		Release|Any CPU = Release|Any CPU
	EndGlobalSection
	GlobalSection(ProjectConfigurationPlatforms) = postSolution
		{8E2E14F2-DE52-5871-4FC7-37867F3E51BC}.Debug|Any CPU.ActiveCfg = Debug|Any CPU
		{8E2E14F2-DE52-5871-4FC7-37867F3E51BC}.Debug|Any CPU.Build.0 = Debug|Any CPU
		{8E2E14F2-DE52-5871-4FC7-37867F3E51BC}.Release|Any CPU.ActiveCfg = Release|Any CPU
		{8E2E14F2-DE52-5871-4FC7-37867F3E51BC}.Release|Any CPU.Build.0 = Release|Any CPU
		{5414A2B1-E5E2-D51D-E008-981C8C585B00}.Debug|Any CPU.ActiveCfg = Debug|Any CPU
		{5414A2B1-E5E2-D51D-E008-981C8C585B00}.Debug|Any CPU.Build.0 = Debug|Any CPU
		{5414A2B1-E5E2-D51D-E008-981C8C585B00}.Release|Any CPU.ActiveCfg = Release|Any CPU
		{5414A2B1-E5E2-D51D-E008-981C8C585B00}.Release|Any CPU.Build.0 = Release|Any CPU
		{7ACDE7EC-2D6D-08DA-9893-F25BADD88BE2}.Debug|Any CPU.ActiveCfg = Debug|Any CPU
		{7ACDE7EC-2D6D-08DA-9893-F25BADD88BE2}.Debug|Any CPU.Build.0 = Debug|Any CPU
		{7ACDE7EC-2D6D-08DA-9893-F25BADD88BE2}.Release|Any CPU.ActiveCfg = Release|Any CPU
		{7ACDE7EC-2D6D-08DA-9893-F25BADD88BE2}.Release|Any CPU.Build.0 = Release|Any CPU
		{22271A9E-6EF5-D6BE-4D98-0F8166173DBD}.Debug|Any CPU.ActiveCfg = Debug|Any CPU
		{22271A9E-6EF5-D6BE-4D98-0F8166173DBD}.Debug|Any CPU.Build.0 = Debug|Any CPU
		{22271A9E-6EF5-D6BE-4D98-0F8166173DBD}.Release|Any CPU.ActiveCfg = Release|Any CPU
		{22271A9E-6EF5-D6BE-4D98-0F8166173DBD}.Release|Any CPU.Build.0 = Release|Any CPU
		{0F9A596F-BBF8-1E18-029F-3B1754769695}.Debug|Any CPU.ActiveCfg = Debug|Any CPU
		{0F9A596F-BBF8-1E18-029F-3B1754769695}.Debug|Any CPU.Build.0 = Debug|Any CPU
		{0F9A596F-BBF8-1E18-029F-3B1754769695}.Release|Any CPU.ActiveCfg = Release|Any CPU
		{0F9A596F-BBF8-1E18-029F-3B1754769695}.Release|Any CPU.Build.0 = Release|Any CPU
		{1C6B9C63-3527-29CA-F53F-CCFBE930E326}.Debug|Any CPU.ActiveCfg = Debug|Any CPU
		{1C6B9C63-3527-29CA-F53F-CCFBE930E326}.Debug|Any CPU.Build.0 = Debug|Any CPU
		{1C6B9C63-3527-29CA-F53F-CCFBE930E326}.Release|Any CPU.ActiveCfg = Release|Any CPU
		{1C6B9C63-3527-29CA-F53F-CCFBE930E326}.Release|Any CPU.Build.0 = Release|Any CPU
		{A90B6B64-C8C2-FB65-D40C-D7034B181DCB}.Debug|Any CPU.ActiveCfg = Debug|Any CPU
		{A90B6B64-C8C2-FB65-D40C-D7034B181DCB}.Debug|Any CPU.Build.0 = Debug|Any CPU
		{A90B6B64-C8C2-FB65-D40C-D7034B181DCB}.Release|Any CPU.ActiveCfg = Release|Any CPU
		{A90B6B64-C8C2-FB65-D40C-D7034B181DCB}.Release|Any CPU.Build.0 = Release|Any CPU
		{F72C8382-8A36-6F83-4EE4-A55A341AB0B9}.Debug|Any CPU.ActiveCfg = Debug|Any CPU
		{F72C8382-8A36-6F83-4EE4-A55A341AB0B9}.Debug|Any CPU.Build.0 = Debug|Any CPU
		{F72C8382-8A36-6F83-4EE4-A55A341AB0B9}.Release|Any CPU.ActiveCfg = Release|Any CPU
		{F72C8382-8A36-6F83-4EE4-A55A341AB0B9}.Release|Any CPU.Build.0 = Release|Any CPU
		{9DA43BD0-9D6C-42E0-CC92-51F83423BCD1}.Debug|Any CPU.ActiveCfg = Debug|Any CPU
		{9DA43BD0-9D6C-42E0-CC92-51F83423BCD1}.Debug|Any CPU.Build.0 = Debug|Any CPU
		{9DA43BD0-9D6C-42E0-CC92-51F83423BCD1}.Release|Any CPU.ActiveCfg = Release|Any CPU
		{9DA43BD0-9D6C-42E0-CC92-51F83423BCD1}.Release|Any CPU.Build.0 = Release|Any CPU
		{65E06B93-5162-03CC-368A-10E2B9A281E9}.Debug|Any CPU.ActiveCfg = Debug|Any CPU
		{65E06B93-5162-03CC-368A-10E2B9A281E9}.Debug|Any CPU.Build.0 = Debug|Any CPU
		{65E06B93-5162-03CC-368A-10E2B9A281E9}.Release|Any CPU.ActiveCfg = Release|Any CPU
		{65E06B93-5162-03CC-368A-10E2B9A281E9}.Release|Any CPU.Build.0 = Release|Any CPU
		{0F68FF83-010D-6CEA-DA76-714F2DAE2B95}.Debug|Any CPU.ActiveCfg = Debug|Any CPU
		{0F68FF83-010D-6CEA-DA76-714F2DAE2B95}.Debug|Any CPU.Build.0 = Debug|Any CPU
		{0F68FF83-010D-6CEA-DA76-714F2DAE2B95}.Release|Any CPU.ActiveCfg = Release|Any CPU
		{0F68FF83-010D-6CEA-DA76-714F2DAE2B95}.Release|Any CPU.Build.0 = Release|Any CPU
		{3ECDD4DF-6B4B-0260-E5C0-BC4ED409B98C}.Debug|Any CPU.ActiveCfg = Debug|Any CPU
		{3ECDD4DF-6B4B-0260-E5C0-BC4ED409B98C}.Debug|Any CPU.Build.0 = Debug|Any CPU
		{3ECDD4DF-6B4B-0260-E5C0-BC4ED409B98C}.Release|Any CPU.ActiveCfg = Release|Any CPU
		{3ECDD4DF-6B4B-0260-E5C0-BC4ED409B98C}.Release|Any CPU.Build.0 = Release|Any CPU
		{ABD1E448-5ED7-0B5C-729B-799A854C4438}.Debug|Any CPU.ActiveCfg = Debug|Any CPU
		{ABD1E448-5ED7-0B5C-729B-799A854C4438}.Debug|Any CPU.Build.0 = Debug|Any CPU
		{ABD1E448-5ED7-0B5C-729B-799A854C4438}.Release|Any CPU.ActiveCfg = Release|Any CPU
		{ABD1E448-5ED7-0B5C-729B-799A854C4438}.Release|Any CPU.Build.0 = Release|Any CPU
		{868FD8DF-5D34-BE79-47FC-1E3188A15CF3}.Debug|Any CPU.ActiveCfg = Debug|Any CPU
		{868FD8DF-5D34-BE79-47FC-1E3188A15CF3}.Debug|Any CPU.Build.0 = Debug|Any CPU
		{868FD8DF-5D34-BE79-47FC-1E3188A15CF3}.Release|Any CPU.ActiveCfg = Release|Any CPU
		{868FD8DF-5D34-BE79-47FC-1E3188A15CF3}.Release|Any CPU.Build.0 = Release|Any CPU
		{35A9E141-32C2-891C-938F-E13EE5C59213}.Debug|Any CPU.ActiveCfg = Debug|Any CPU
		{35A9E141-32C2-891C-938F-E13EE5C59213}.Debug|Any CPU.Build.0 = Debug|Any CPU
		{35A9E141-32C2-891C-938F-E13EE5C59213}.Release|Any CPU.ActiveCfg = Release|Any CPU
		{35A9E141-32C2-891C-938F-E13EE5C59213}.Release|Any CPU.Build.0 = Release|Any CPU
		{B7FC9C66-E936-DAF4-7894-FEB07D7E04D5}.Debug|Any CPU.ActiveCfg = Debug|Any CPU
		{B7FC9C66-E936-DAF4-7894-FEB07D7E04D5}.Debug|Any CPU.Build.0 = Debug|Any CPU
		{B7FC9C66-E936-DAF4-7894-FEB07D7E04D5}.Release|Any CPU.ActiveCfg = Release|Any CPU
		{B7FC9C66-E936-DAF4-7894-FEB07D7E04D5}.Release|Any CPU.Build.0 = Release|Any CPU
		{53598C68-33D6-34D8-6337-239F2FB63C38}.Debug|Any CPU.ActiveCfg = Debug|Any CPU
		{53598C68-33D6-34D8-6337-239F2FB63C38}.Debug|Any CPU.Build.0 = Debug|Any CPU
		{53598C68-33D6-34D8-6337-239F2FB63C38}.Release|Any CPU.ActiveCfg = Release|Any CPU
		{53598C68-33D6-34D8-6337-239F2FB63C38}.Release|Any CPU.Build.0 = Release|Any CPU
		{69B3BE05-3369-9C9A-DBB2-C41D2F8C1C54}.Debug|Any CPU.ActiveCfg = Debug|Any CPU
		{69B3BE05-3369-9C9A-DBB2-C41D2F8C1C54}.Debug|Any CPU.Build.0 = Debug|Any CPU
		{69B3BE05-3369-9C9A-DBB2-C41D2F8C1C54}.Release|Any CPU.ActiveCfg = Release|Any CPU
		{69B3BE05-3369-9C9A-DBB2-C41D2F8C1C54}.Release|Any CPU.Build.0 = Release|Any CPU
	EndGlobalSection
	GlobalSection(SolutionProperties) = preSolution
		HideSolutionNode = FALSE
	EndGlobalSection
	GlobalSection(NestedProjects) = preSolution
		{FE3992F4-CC36-C0D1-5274-12530496DB1F} = {26DBFC19-437C-4F90-1A5A-542F2D728CEE}
		{8E2E14F2-DE52-5871-4FC7-37867F3E51BC} = {FE3992F4-CC36-C0D1-5274-12530496DB1F}
		{5414A2B1-E5E2-D51D-E008-981C8C585B00} = {FE3992F4-CC36-C0D1-5274-12530496DB1F}
		{97D8945E-59FA-0188-FC69-6B16FBD6DC40} = {26DBFC19-437C-4F90-1A5A-542F2D728CEE}
		{7ACDE7EC-2D6D-08DA-9893-F25BADD88BE2} = {97D8945E-59FA-0188-FC69-6B16FBD6DC40}
		{22271A9E-6EF5-D6BE-4D98-0F8166173DBD} = {97D8945E-59FA-0188-FC69-6B16FBD6DC40}
		{75FC6A06-423E-5F5D-91F8-8FC1DF020067} = {26DBFC19-437C-4F90-1A5A-542F2D728CEE}
		{0F9A596F-BBF8-1E18-029F-3B1754769695} = {75FC6A06-423E-5F5D-91F8-8FC1DF020067}
		{1C6B9C63-3527-29CA-F53F-CCFBE930E326} = {75FC6A06-423E-5F5D-91F8-8FC1DF020067}
		{3EE80B10-1859-2554-168E-C769536AECC8} = {26DBFC19-437C-4F90-1A5A-542F2D728CEE}
		{A90B6B64-C8C2-FB65-D40C-D7034B181DCB} = {3EE80B10-1859-2554-168E-C769536AECC8}
		{F72C8382-8A36-6F83-4EE4-A55A341AB0B9} = {3EE80B10-1859-2554-168E-C769536AECC8}
		{90DFF9D6-6064-F8FE-940D-2B723E32BEE9} = {56A9F078-40C9-3DDD-7DA3-B5A4BF238A7F}
		{9DA43BD0-9D6C-42E0-CC92-51F83423BCD1} = {90DFF9D6-6064-F8FE-940D-2B723E32BEE9}
		{65E06B93-5162-03CC-368A-10E2B9A281E9} = {90DFF9D6-6064-F8FE-940D-2B723E32BEE9}
		{DF74312A-3BDC-E28F-2F37-A93F30DB515D} = {56A9F078-40C9-3DDD-7DA3-B5A4BF238A7F}
		{0F68FF83-010D-6CEA-DA76-714F2DAE2B95} = {DF74312A-3BDC-E28F-2F37-A93F30DB515D}
		{3ECDD4DF-6B4B-0260-E5C0-BC4ED409B98C} = {DF74312A-3BDC-E28F-2F37-A93F30DB515D}
		{6CB770A1-D217-CF4C-3F8E-F9C495E5E553} = {56A9F078-40C9-3DDD-7DA3-B5A4BF238A7F}
		{ABD1E448-5ED7-0B5C-729B-799A854C4438} = {6CB770A1-D217-CF4C-3F8E-F9C495E5E553}
		{868FD8DF-5D34-BE79-47FC-1E3188A15CF3} = {6CB770A1-D217-CF4C-3F8E-F9C495E5E553}
		{E9F6E946-CAB0-4393-83A6-2CC00E601546} = {56A9F078-40C9-3DDD-7DA3-B5A4BF238A7F}
		{35A9E141-32C2-891C-938F-E13EE5C59213} = {E9F6E946-CAB0-4393-83A6-2CC00E601546}
		{B7FC9C66-E936-DAF4-7894-FEB07D7E04D5} = {E9F6E946-CAB0-4393-83A6-2CC00E601546}
		{461242BF-A5DA-9E66-FB2B-44259C4D2634} = {56A9F078-40C9-3DDD-7DA3-B5A4BF238A7F}
		{53598C68-33D6-34D8-6337-239F2FB63C38} = {461242BF-A5DA-9E66-FB2B-44259C4D2634}
		{69B3BE05-3369-9C9A-DBB2-C41D2F8C1C54} = {461242BF-A5DA-9E66-FB2B-44259C4D2634}
	EndGlobalSection
	GlobalSection(ExtensibilityGlobals) = postSolution
		SolutionGuid = {3E0D27B8-085A-4B21-AF64-5314F7F2AEF9}
	EndGlobalSection
EndGlobal
